
Microsoft Visual Studio Solution File, Format Version 12.00
# Visual Studio Version 17
VisualStudioVersion = 17.11.35327.3
MinimumVisualStudioVersion = 10.0.40219.1
Project("{FAE04EC0-301F-11D3-BF4B-00C04F79EFBC}") = "EKart_EcommerceApp", "EKart_EcommerceApp\EKart_EcommerceApp.csproj", "{AEE80506-C648-4E88-B19F-1665E7243613}"
EndProject
Global
	GlobalSection(SolutionConfigurationPlatforms) = preSolution
		Debug|Any CPU = Debug|Any CPU
		Release|Any CPU = Release|Any CPU
	EndGlobalSection
	GlobalSection(ProjectConfigurationPlatforms) = postSolution
		{AEE80506-C648-4E88-B19F-1665E7243613}.Debug|Any CPU.ActiveCfg = Debug|Any CPU
		{AEE80506-C648-4E88-B19F-1665E7243613}.Debug|Any CPU.Build.0 = Debug|Any CPU
		{AEE80506-C648-4E88-B19F-1665E7243613}.Release|Any CPU.ActiveCfg = Release|Any CPU
		{AEE80506-C648-4E88-B19F-1665E7243613}.Release|Any CPU.Build.0 = Release|Any CPU
	EndGlobalSection
	GlobalSection(SolutionProperties) = preSolution
		HideSolutionNode = FALSE
	EndGlobalSection
	GlobalSection(ExtensibilityGlobals) = postSolution
		SolutionGuid = {06D51C38-AA45-4D34-B713-C59BC0AEFF11}
	EndGlobalSection
EndGlobal
